<?xml version="1.0" encoding="utf-8"?>
<Project ToolsVersion="4.0" xmlns="http://schemas.microsoft.com/developer/msbuild/2003">
  <ItemGroup>
    <Filter Include="源文件">
      <UniqueIdentifier>{4FC737F1-C7A5-4376-A066-2A32D752A2FF}</UniqueIdentifier>
      <Extensions>cpp;c;cc;cxx;def;odl;idl;hpj;bat;asm;asmx</Extensions>
    </Filter>
    <Filter Include="头文件">
      <UniqueIdentifier>{93995380-89BD-4b04-88EB-625FBE52EBFB}</UniqueIdentifier>
      <Extensions>h;hh;hpp;hxx;hm;inl;inc;xsd</Extensions>
    </Filter>
    <Filter Include="资源文件">
      <UniqueIdentifier>{67DA6AB6-F800-4c08-8B7A-83BB121AAD01}</UniqueIdentifier>
      <Extensions>rc;ico;cur;bmp;dlg;rc2;rct;bin;rgs;gif;jpg;jpeg;jpe;resx;tiff;tif;png;wav;mfcribbon-ms</Extensions>
    </Filter>
    <Filter Include="cuda">
      <UniqueIdentifier>{61686ff3-a8b5-44f4-90dd-659e7f44b84e}</UniqueIdentifier>
    </Filter>
  </ItemGroup>
  <ItemGroup>
    <Text Include="ReadMe.txt" />
  </ItemGroup>
  <ItemGroup>
    <ClInclude Include="GA_Spike.h">
      <Filter>头文件</Filter>
    </ClInclude>
    <ClInclude Include="GA_SpikeDlg.h">
      <Filter>头文件</Filter>
    </ClInclude>
    <ClInclude Include="stdafx.h">
      <Filter>头文件</Filter>
    </ClInclude>
    <ClInclude Include="targetver.h">
      <Filter>头文件</Filter>
    </ClInclude>
    <ClInclude Include="Resource.h">
      <Filter>头文件</Filter>
    </ClInclude>
    <ClInclude Include="MatPlot.h">
      <Filter>头文件</Filter>
    </ClInclude>
    <ClInclude Include="constants.h">
      <Filter>头文件</Filter>
    </ClInclude>
    <ClInclude Include="cuda_transfer.h">
      <Filter>头文件</Filter>
    </ClInclude>
    <ClInclude Include="struct_cu.h">
      <Filter>头文件</Filter>
    </ClInclude>
    <ClInclude Include="buffer.h">
      <Filter>头文件</Filter>
    </ClInclude>
    <ClInclude Include="ReportCtrl.h">
      <Filter>头文件</Filter>
    </ClInclude>
    <ClInclude Include="ChartCtrl_source\ChartAxis.h">
      <Filter>头文件</Filter>
    </ClInclude>
    <ClInclude Include="ChartCtrl_source\ChartAxisLabel.h">
      <Filter>头文件</Filter>
    </ClInclude>
    <ClInclude Include="ChartCtrl_source\ChartBalloonLabel.h">
      <Filter>头文件</Filter>
    </ClInclude>
    <ClInclude Include="ChartCtrl_source\ChartBarSerie.h">
      <Filter>头文件</Filter>
    </ClInclude>
    <ClInclude Include="ChartCtrl_source\ChartCandlestickSerie.h">
      <Filter>头文件</Filter>
    </ClInclude>
    <ClInclude Include="ChartCtrl_source\ChartCrossHairCursor.h">
      <Filter>头文件</Filter>
    </ClInclude>
    <ClInclude Include="ChartCtrl_source\ChartCtrl.h">
      <Filter>头文件</Filter>
    </ClInclude>
    <ClInclude Include="ChartCtrl_source\ChartCursor.h">
      <Filter>头文件</Filter>
    </ClInclude>
    <ClInclude Include="ChartCtrl_source\ChartDateTimeAxis.h">
      <Filter>头文件</Filter>
    </ClInclude>
    <ClInclude Include="ChartCtrl_source\ChartDragLineCursor.h">
      <Filter>头文件</Filter>
    </ClInclude>
    <ClInclude Include="ChartCtrl_source\ChartFont.h">
      <Filter>头文件</Filter>
    </ClInclude>
    <ClInclude Include="ChartCtrl_source\ChartGanttSerie.h">
      <Filter>头文件</Filter>
    </ClInclude>
    <ClInclude Include="ChartCtrl_source\ChartGradient.h">
      <Filter>头文件</Filter>
    </ClInclude>
    <ClInclude Include="ChartCtrl_source\ChartGrid.h">
      <Filter>头文件</Filter>
    </ClInclude>
    <ClInclude Include="ChartCtrl_source\ChartLabel.h">
      <Filter>头文件</Filter>
    </ClInclude>
    <ClInclude Include="ChartCtrl_source\ChartLegend.h">
      <Filter>头文件</Filter>
    </ClInclude>
    <ClInclude Include="ChartCtrl_source\ChartLineSerie.h">
      <Filter>头文件</Filter>
    </ClInclude>
    <ClInclude Include="ChartCtrl_source\ChartLogarithmicAxis.h">
      <Filter>头文件</Filter>
    </ClInclude>
    <ClInclude Include="ChartCtrl_source\ChartMouseListener.h">
      <Filter>头文件</Filter>
    </ClInclude>
    <ClInclude Include="ChartCtrl_source\ChartPointsArray.h">
      <Filter>头文件</Filter>
    </ClInclude>
    <ClInclude Include="ChartCtrl_source\ChartPointsSerie.h">
      <Filter>头文件</Filter>
    </ClInclude>
    <ClInclude Include="ChartCtrl_source\ChartScrollBar.h">
      <Filter>头文件</Filter>
    </ClInclude>
    <ClInclude Include="ChartCtrl_source\ChartSerie.h">
      <Filter>头文件</Filter>
    </ClInclude>
    <ClInclude Include="ChartCtrl_source\ChartSerieBase.h">
      <Filter>头文件</Filter>
    </ClInclude>
    <ClInclude Include="ChartCtrl_source\ChartSeriesMouseListener.h">
      <Filter>头文件</Filter>
    </ClInclude>
    <ClInclude Include="ChartCtrl_source\ChartStandardAxis.h">
      <Filter>头文件</Filter>
    </ClInclude>
    <ClInclude Include="ChartCtrl_source\ChartString.h">
      <Filter>头文件</Filter>
    </ClInclude>
    <ClInclude Include="ChartCtrl_source\ChartSurfaceSerie.h">
      <Filter>头文件</Filter>
    </ClInclude>
    <ClInclude Include="ChartCtrl_source\ChartTitle.h">
      <Filter>头文件</Filter>
    </ClInclude>
    <ClInclude Include="ChartCtrl_source\ChartXYSerie.h">
      <Filter>头文件</Filter>
    </ClInclude>
    <ClInclude Include="ChartCtrl_source\PointsOrdering.h">
      <Filter>头文件</Filter>
    </ClInclude>
  </ItemGroup>
  <ItemGroup>
    <ClCompile Include="GA_Spike.cpp">
      <Filter>源文件</Filter>
    </ClCompile>
    <ClCompile Include="GA_SpikeDlg.cpp">
      <Filter>源文件</Filter>
    </ClCompile>
    <ClCompile Include="stdafx.cpp">
      <Filter>源文件</Filter>
    </ClCompile>
    <ClCompile Include="cuda_transfer.cpp">
      <Filter>源文件</Filter>
    </ClCompile>
    <ClCompile Include="ReportCtrl.cpp">
      <Filter>源文件</Filter>
    </ClCompile>
    <ClCompile Include="ChartCtrl_source\ChartAxis.cpp">
      <Filter>源文件</Filter>
    </ClCompile>
    <ClCompile Include="ChartCtrl_source\ChartAxisLabel.cpp">
      <Filter>源文件</Filter>
    </ClCompile>
    <ClCompile Include="ChartCtrl_source\ChartBarSerie.cpp">
      <Filter>源文件</Filter>
    </ClCompile>
    <ClCompile Include="ChartCtrl_source\ChartCandlestickSerie.cpp">
      <Filter>源文件</Filter>
    </ClCompile>
    <ClCompile Include="ChartCtrl_source\ChartCrossHairCursor.cpp">
      <Filter>源文件</Filter>
    </ClCompile>
    <ClCompile Include="ChartCtrl_source\ChartCtrl.cpp">
      <Filter>源文件</Filter>
    </ClCompile>
    <ClCompile Include="ChartCtrl_source\ChartCursor.cpp">
      <Filter>源文件</Filter>
    </ClCompile>
    <ClCompile Include="ChartCtrl_source\ChartDateTimeAxis.cpp">
      <Filter>源文件</Filter>
    </ClCompile>
    <ClCompile Include="ChartCtrl_source\ChartDragLineCursor.cpp">
      <Filter>源文件</Filter>
    </ClCompile>
    <ClCompile Include="ChartCtrl_source\ChartFont.cpp">
      <Filter>源文件</Filter>
    </ClCompile>
    <ClCompile Include="ChartCtrl_source\ChartGanttSerie.cpp">
      <Filter>源文件</Filter>
    </ClCompile>
    <ClCompile Include="ChartCtrl_source\ChartGradient.cpp">
      <Filter>源文件</Filter>
    </ClCompile>
    <ClCompile Include="ChartCtrl_source\ChartGrid.cpp">
      <Filter>源文件</Filter>
    </ClCompile>
    <ClCompile Include="ChartCtrl_source\ChartLegend.cpp">
      <Filter>源文件</Filter>
    </ClCompile>
    <ClCompile Include="ChartCtrl_source\ChartLineSerie.cpp">
      <Filter>源文件</Filter>
    </ClCompile>
    <ClCompile Include="ChartCtrl_source\ChartLogarithmicAxis.cpp">
      <Filter>源文件</Filter>
    </ClCompile>
    <ClCompile Include="ChartCtrl_source\ChartPointsSerie.cpp">
      <Filter>源文件</Filter>
    </ClCompile>
    <ClCompile Include="ChartCtrl_source\ChartScrollBar.cpp">
      <Filter>源文件</Filter>
    </ClCompile>
    <ClCompile Include="ChartCtrl_source\ChartSerie.cpp">
      <Filter>源文件</Filter>
    </ClCompile>
    <ClCompile Include="ChartCtrl_source\ChartStandardAxis.cpp">
      <Filter>源文件</Filter>
    </ClCompile>
    <ClCompile Include="ChartCtrl_source\ChartSurfaceSerie.cpp">
      <Filter>源文件</Filter>
    </ClCompile>
    <ClCompile Include="ChartCtrl_source\ChartTitle.cpp">
      <Filter>源文件</Filter>
    </ClCompile>
    <ClCompile Include="ChartCtrl_source\ChartXYSerie.cpp">
      <Filter>源文件</Filter>
    </ClCompile>
  </ItemGroup>
  <ItemGroup>
    <ResourceCompile Include="GA_Spike.rc">
      <Filter>资源文件</Filter>
    </ResourceCompile>
  </ItemGroup>
  <ItemGroup>
    <None Include="res\GA_Spike.rc2">
      <Filter>资源文件</Filter>
    </None>
    <None Include="ChartCtrl_source\ChartBalloonLabel.inl">
      <Filter>头文件</Filter>
    </None>
    <None Include="ChartCtrl_source\ChartLabel.inl">
      <Filter>头文件</Filter>
    </None>
    <None Include="ChartCtrl_source\ChartPointsArray.inl">
      <Filter>头文件</Filter>
    </None>
    <None Include="ChartCtrl_source\ChartSerieBase.inl">
      <Filter>头文件</Filter>
    </None>
  </ItemGroup>
  <ItemGroup>
    <Image Include="res\GA_Spike.ico">
      <Filter>资源文件</Filter>
    </Image>
  </ItemGroup>
  <ItemGroup>
    <CudaCompile Include="GA-shared.cu">
      <Filter>cuda</Filter>
    </CudaCompile>
  </ItemGroup>
</Project>